
Microsoft Visual Studio Solution File, Format Version 12.00
# Visual Studio 15
VisualStudioVersion = 15.0.27130.2020
MinimumVisualStudioVersion = 10.0.40219.1
Project("{FAE04EC0-301F-11D3-BF4B-00C04F79EFBC}") = "Project1", "Project1\Project1.csproj", "{B6557D52-0E0D-4B44-B864-5633E42696AA}"
EndProject
Global
	GlobalSection(SolutionConfigurationPlatforms) = preSolution
		Debug|Any CPU = Debug|Any CPU
		Release|Any CPU = Release|Any CPU
	EndGlobalSection
	GlobalSection(ProjectConfigurationPlatforms) = postSolution
		{B6557D52-0E0D-4B44-B864-5633E42696AA}.Debug|Any CPU.ActiveCfg = Debug|Any CPU
		{B6557D52-0E0D-4B44-B864-5633E42696AA}.Debug|Any CPU.Build.0 = Debug|Any CPU
		{B6557D52-0E0D-4B44-B864-5633E42696AA}.Release|Any CPU.ActiveCfg = Release|Any CPU
		{B6557D52-0E0D-4B44-B864-5633E42696AA}.Release|Any CPU.Build.0 = Release|Any CPU
	EndGlobalSection
	GlobalSection(SolutionProperties) = preSolution
		HideSolutionNode = FALSE
	EndGlobalSection
	GlobalSection(ExtensibilityGlobals) = postSolution
		SolutionGuid = {B3333744-6186-4D93-82CB-C19C58869970}
	EndGlobalSection
EndGlobal
